
Microsoft Visual Studio Solution File, Format Version 12.00
# Visual Studio 15
VisualStudioVersion = 15.0.26730.16
MinimumVisualStudioVersion = 10.0.40219.1
Project("{FAE04EC0-301F-11D3-BF4B-00C04F79EFBC}") = "JsonModelBinder", "JsonModelBinder\JsonModelBinder.csproj", "{EBF80AB0-3C63-43C9-B1C5-D26E6E03FEE6}"
EndProject
Global
	GlobalSection(SolutionConfigurationPlatforms) = preSolution
		Debug|Any CPU = Debug|Any CPU
		Release|Any CPU = Release|Any CPU
	EndGlobalSection
	GlobalSection(ProjectConfigurationPlatforms) = postSolution
		{EBF80AB0-3C63-43C9-B1C5-D26E6E03FEE6}.Debug|Any CPU.ActiveCfg = Debug|Any CPU
		{EBF80AB0-3C63-43C9-B1C5-D26E6E03FEE6}.Debug|Any CPU.Build.0 = Debug|Any CPU
		{EBF80AB0-3C63-43C9-B1C5-D26E6E03FEE6}.Release|Any CPU.ActiveCfg = Release|Any CPU
		{EBF80AB0-3C63-43C9-B1C5-D26E6E03FEE6}.Release|Any CPU.Build.0 = Release|Any CPU
	EndGlobalSection
	GlobalSection(SolutionProperties) = preSolution
		HideSolutionNode = FALSE
	EndGlobalSection
	GlobalSection(ExtensibilityGlobals) = postSolution
		SolutionGuid = {8135A935-D065-4482-A90A-2C5EB019922E}
	EndGlobalSection
EndGlobal
